
Microsoft Visual Studio Solution File, Format Version 11.00
# Visual Studio 2010
Project("{FAE04EC0-301F-11D3-BF4B-00C04F79EFBC}") = "Neglect_json", "Assembly-CSharp.csproj", "{2972EE00-E8DF-66AB-2157-5801C8C1FFDC}"
EndProject
Global
	GlobalSection(SolutionConfigurationPlatforms) = preSolution
		Debug|Any CPU = Debug|Any CPU
		Release|Any CPU = Release|Any CPU
	EndGlobalSection
	GlobalSection(ProjectConfigurationPlatforms) = postSolution
		{2972EE00-E8DF-66AB-2157-5801C8C1FFDC}.Debug|Any CPU.ActiveCfg = Debug|Any CPU
		{2972EE00-E8DF-66AB-2157-5801C8C1FFDC}.Debug|Any CPU.Build.0 = Debug|Any CPU
		{2972EE00-E8DF-66AB-2157-5801C8C1FFDC}.Release|Any CPU.ActiveCfg = Release|Any CPU
		{2972EE00-E8DF-66AB-2157-5801C8C1FFDC}.Release|Any CPU.Build.0 = Release|Any CPU
	EndGlobalSection
	GlobalSection(SolutionProperties) = preSolution
		HideSolutionNode = FALSE
	EndGlobalSection
	GlobalSection(MonoDevelopProperties) = preSolution
		StartupItem = Assembly-CSharp.csproj
	EndGlobalSection
EndGlobal
